schema: '2.0'
stages:
  build-features:
    cmd: python scripts/create_test_data.py --num-flows 1000 --output 
      data/processed/flows_v0.parquet
    deps:
    - path: scripts/create_test_data.py
      hash: md5
      md5: f5f62d29374dddff97491feafeb212f6
      size: 6868
    outs:
    - path: data/processed/flows_v0.parquet
      hash: md5
      md5: d1f8b23b7dd2dac9df61eea3881a3650
      size: 53403
  create-tensors:
    cmd: python scripts/create_tensors.py --input 
      data/processed/flows_v0.parquet --output data/processed/tensor_v0.npy 
      --window-size 5 --min-flow-length 2
    deps:
    - path: arx_nid/features/transformers.py
      hash: md5
      md5: 495ce4554803a88c745b58737119aa75
      size: 10721
    - path: data/processed/flows_v0.parquet
      hash: md5
      md5: d1f8b23b7dd2dac9df61eea3881a3650
      size: 53403
    - path: scripts/create_tensors.py
      hash: md5
      md5: 14fe69545e081faea6c4531e74746c16
      size: 7761
    outs:
    - path: data/processed/tensor_metadata_v0.parquet
      hash: md5
      md5: 9f28563222578fac323f931521cab407
      size: 7027
    - path: data/processed/tensor_v0.npy
      hash: md5
      md5: eed398c5fae8031af4cfe14d19d45883
      size: 266688
