schema: '2.0'
stages:
  build-features:
    cmd: python scripts/create_test_data.py --num-flows 1000 --output 
      data/processed/flows_v0.parquet
    deps:
    - path: scripts/create_test_data.py
      hash: md5
      md5: f7b95f6875374aeba26e98379974a3f8
      size: 6816
    outs:
    - path: data/processed/flows_v0.parquet
      hash: md5
      md5: dab187409d6a9da7b5c84128c1ef6146
      size: 53094
  create-tensors:
    cmd: python scripts/create_tensors.py --input 
      data/processed/flows_v0.parquet --output data/processed/tensor_v0.npy 
      --window-size 5 --min-flow-length 2
    deps:
    - path: arx_nid/features/transformers.py
      hash: md5
      md5: 690ce09f646d27ab03ad3e32b5e1cdfd
      size: 10324
    - path: data/processed/flows_v0.parquet
      hash: md5
      md5: dab187409d6a9da7b5c84128c1ef6146
      size: 53094
    - path: scripts/create_tensors.py
      hash: md5
      md5: df7bf3a06c240b9ebabe30d9a70eca8b
      size: 7390
    outs:
    - path: data/processed/tensor_metadata_v0.parquet
      hash: md5
      md5: 04a8f9287f3c1ded1e47a8c364cf1a7e
      size: 7302
    - path: data/processed/tensor_v0.npy
      hash: md5
      md5: b32d35f8dd0833ac7d198fe3986510eb
      size: 291168
