schema: '2.0'
stages:
  build-features:
    cmd: python scripts/create_test_data.py --num-flows 1000 --output 
      data/processed/flows_v0.parquet
    deps:
    - path: scripts/create_test_data.py
      hash: md5
      md5: b3ecdbc76382de3ed1a1607a64486c98
      size: 6783
    outs:
    - path: data/processed/flows_v0.parquet
      hash: md5
      md5: 24ec1bd2896081413bc1ef07aedea9e6
      size: 53292
  create-tensors:
    cmd: python scripts/create_tensors.py --input 
      data/processed/flows_v0.parquet --output data/processed/tensor_v0.npy 
      --window-size 5 --min-flow-length 2
    deps:
    - path: arx_nid/features/transformers.py
      hash: md5
      md5: 690ce09f646d27ab03ad3e32b5e1cdfd
      size: 10324
    - path: data/processed/flows_v0.parquet
      hash: md5
      md5: 24ec1bd2896081413bc1ef07aedea9e6
      size: 53292
    - path: scripts/create_tensors.py
      hash: md5
      md5: df7bf3a06c240b9ebabe30d9a70eca8b
      size: 7390
    outs:
    - path: data/processed/tensor_metadata_v0.parquet
      hash: md5
      md5: bce15b03d68e4fb10142b03bb29287d6
      size: 7214
    - path: data/processed/tensor_v0.npy
      hash: md5
      md5: 2ec2facc36db30e0f6ddd93bcb792f53
      size: 281648
